{
  "name": "scheduled-reader-view",
  "version": "1.0.0",
  "lockfileVersion": 1,
  "requires": true,
  "dependencies": {
    "mode-time": {
      "version": "1.0.1",
      "resolved": "https://registry.npmjs.org/mode-time/-/mode-time-1.0.1.tgz",
      "integrity": "sha512-7Up7ou33vaCKs9Ke6h8t28YCopkmUssa8OoFsSUvfjSQGwNFxSoOCiMKajaM3aP4nUqItjEE0BGQUUPGs7SX4A=="
    }
  }
}
