{
  "name": "scheduled-reader-view",
  "version": "1.0.0",
  "lockfileVersion": 1,
  "requires": true,
  "dependencies": {
    "mode-time": {
      "version": "1.1.2",
      "resolved": "https://registry.npmjs.org/mode-time/-/mode-time-1.1.2.tgz",
      "integrity": "sha512-j2PZyb3A3OTuHDoLgIqx6O2uKYbcBgfERn3itWVLIAYt/W/WtS6GKD2lz6w6X2FjYFIx4etIXX0Lmn+l11qEoA=="
    }
  }
}
